
Microsoft Visual Studio Solution File, Format Version 12.00
# Visual Studio Version 17
VisualStudioVersion = 17.3.32901.215
MinimumVisualStudioVersion = 10.0.40219.1
Project("{FAE04EC0-301F-11D3-BF4B-00C04F79EFBC}") = "CryptoMarket.Hub.Server", "CryptoMarket.Hub\Server\CryptoMarket.Hub.Server.csproj", "{A99A75B9-CAAA-4718-9FCA-6CA56F507092}"
EndProject
Project("{FAE04EC0-301F-11D3-BF4B-00C04F79EFBC}") = "CryptoMarket.Hub.Client", "CryptoMarket.Hub\Client\CryptoMarket.Hub.Client.csproj", "{84014984-70AC-4848-A803-7472BF9CA6ED}"
EndProject
Project("{FAE04EC0-301F-11D3-BF4B-00C04F79EFBC}") = "CryptoMarket.Hub.Shared", "CryptoMarket.Hub\Shared\CryptoMarket.Hub.Shared.csproj", "{F201CFAD-2657-4843-8DDA-BE36300D9203}"
EndProject
Global
	GlobalSection(SolutionConfigurationPlatforms) = preSolution
		Debug|Any CPU = Debug|Any CPU
		Release|Any CPU = Release|Any CPU
	EndGlobalSection
	GlobalSection(ProjectConfigurationPlatforms) = postSolution
		{A99A75B9-CAAA-4718-9FCA-6CA56F507092}.Debug|Any CPU.ActiveCfg = Debug|Any CPU
		{A99A75B9-CAAA-4718-9FCA-6CA56F507092}.Debug|Any CPU.Build.0 = Debug|Any CPU
		{A99A75B9-CAAA-4718-9FCA-6CA56F507092}.Release|Any CPU.ActiveCfg = Release|Any CPU
		{A99A75B9-CAAA-4718-9FCA-6CA56F507092}.Release|Any CPU.Build.0 = Release|Any CPU
		{84014984-70AC-4848-A803-7472BF9CA6ED}.Debug|Any CPU.ActiveCfg = Debug|Any CPU
		{84014984-70AC-4848-A803-7472BF9CA6ED}.Debug|Any CPU.Build.0 = Debug|Any CPU
		{84014984-70AC-4848-A803-7472BF9CA6ED}.Release|Any CPU.ActiveCfg = Release|Any CPU
		{84014984-70AC-4848-A803-7472BF9CA6ED}.Release|Any CPU.Build.0 = Release|Any CPU
		{F201CFAD-2657-4843-8DDA-BE36300D9203}.Debug|Any CPU.ActiveCfg = Debug|Any CPU
		{F201CFAD-2657-4843-8DDA-BE36300D9203}.Debug|Any CPU.Build.0 = Debug|Any CPU
		{F201CFAD-2657-4843-8DDA-BE36300D9203}.Release|Any CPU.ActiveCfg = Release|Any CPU
		{F201CFAD-2657-4843-8DDA-BE36300D9203}.Release|Any CPU.Build.0 = Release|Any CPU
	EndGlobalSection
	GlobalSection(SolutionProperties) = preSolution
		HideSolutionNode = FALSE
	EndGlobalSection
	GlobalSection(ExtensibilityGlobals) = postSolution
		SolutionGuid = {A98D40B9-083B-4903-8E09-17DCC1206BA4}
	EndGlobalSection
EndGlobal
